
Microsoft Visual Studio Solution File, Format Version 12.00
# Visual Studio Version 17
VisualStudioVersion = 17.12.35527.113
MinimumVisualStudioVersion = 10.0.40219.1
Project("{2150E333-8FDC-42A3-9474-1A3956D46DE8}") = "Solution Items", "Solution Items", "{FD64E0D5-1D43-467D-9F1D-35A104DBA2FB}"
EndProject
Project("{FAE04EC0-301F-11D3-BF4B-00C04F79EFBC}") = "InventoryManager.Application", "InventoryManager.Application\InventoryManager.Application.csproj", "{6B71F5E0-791B-454D-BA53-FF40E2E51D96}"
EndProject
Project("{FAE04EC0-301F-11D3-BF4B-00C04F79EFBC}") = "InventoryManager.Domain", "InventoryManager.Domain\InventoryManager.Domain.csproj", "{55C4F585-3F44-414C-BA40-F11485615A83}"
EndProject
Project("{FAE04EC0-301F-11D3-BF4B-00C04F79EFBC}") = "InventoryManager.Infrastructure", "InventoryManager.Infrastructure\InventoryManager.Infrastructure.csproj", "{9244317A-821E-47D3-A99D-DF13FCF2CDEA}"
EndProject
Project("{FAE04EC0-301F-11D3-BF4B-00C04F79EFBC}") = "InventoryManager.Api", "InventoryManager.Api\InventoryManager.Api.csproj", "{7E87D0F8-E125-4027-BF90-D2328E54424D}"
EndProject
Project("{FAE04EC0-301F-11D3-BF4B-00C04F79EFBC}") = "InventoryManager.Tests", "InventoryManager.Tests\InventoryManager.Tests.csproj", "{C31DE2A6-E481-41E6-B1A5-0BF43136E1A3}"
EndProject
Global
	GlobalSection(SolutionConfigurationPlatforms) = preSolution
		Debug|Any CPU = Debug|Any CPU
		Release|Any CPU = Release|Any CPU
	EndGlobalSection
	GlobalSection(ProjectConfigurationPlatforms) = postSolution
		{6B71F5E0-791B-454D-BA53-FF40E2E51D96}.Debug|Any CPU.ActiveCfg = Debug|Any CPU
		{6B71F5E0-791B-454D-BA53-FF40E2E51D96}.Debug|Any CPU.Build.0 = Debug|Any CPU
		{6B71F5E0-791B-454D-BA53-FF40E2E51D96}.Release|Any CPU.ActiveCfg = Release|Any CPU
		{6B71F5E0-791B-454D-BA53-FF40E2E51D96}.Release|Any CPU.Build.0 = Release|Any CPU
		{55C4F585-3F44-414C-BA40-F11485615A83}.Debug|Any CPU.ActiveCfg = Debug|Any CPU
		{55C4F585-3F44-414C-BA40-F11485615A83}.Debug|Any CPU.Build.0 = Debug|Any CPU
		{55C4F585-3F44-414C-BA40-F11485615A83}.Release|Any CPU.ActiveCfg = Release|Any CPU
		{55C4F585-3F44-414C-BA40-F11485615A83}.Release|Any CPU.Build.0 = Release|Any CPU
		{9244317A-821E-47D3-A99D-DF13FCF2CDEA}.Debug|Any CPU.ActiveCfg = Debug|Any CPU
		{9244317A-821E-47D3-A99D-DF13FCF2CDEA}.Debug|Any CPU.Build.0 = Debug|Any CPU
		{9244317A-821E-47D3-A99D-DF13FCF2CDEA}.Release|Any CPU.ActiveCfg = Release|Any CPU
		{9244317A-821E-47D3-A99D-DF13FCF2CDEA}.Release|Any CPU.Build.0 = Release|Any CPU
		{7E87D0F8-E125-4027-BF90-D2328E54424D}.Debug|Any CPU.ActiveCfg = Debug|Any CPU
		{7E87D0F8-E125-4027-BF90-D2328E54424D}.Debug|Any CPU.Build.0 = Debug|Any CPU
		{7E87D0F8-E125-4027-BF90-D2328E54424D}.Release|Any CPU.ActiveCfg = Release|Any CPU
		{7E87D0F8-E125-4027-BF90-D2328E54424D}.Release|Any CPU.Build.0 = Release|Any CPU
		{C31DE2A6-E481-41E6-B1A5-0BF43136E1A3}.Debug|Any CPU.ActiveCfg = Debug|Any CPU
		{C31DE2A6-E481-41E6-B1A5-0BF43136E1A3}.Debug|Any CPU.Build.0 = Debug|Any CPU
		{C31DE2A6-E481-41E6-B1A5-0BF43136E1A3}.Release|Any CPU.ActiveCfg = Release|Any CPU
		{C31DE2A6-E481-41E6-B1A5-0BF43136E1A3}.Release|Any CPU.Build.0 = Release|Any CPU
	EndGlobalSection
	GlobalSection(SolutionProperties) = preSolution
		HideSolutionNode = FALSE
	EndGlobalSection
EndGlobal
