
Microsoft Visual Studio Solution File, Format Version 12.00
# Visual Studio Version 17
VisualStudioVersion = 17.12.35527.113
MinimumVisualStudioVersion = 10.0.40219.1
Project("{FAE04EC0-301F-11D3-BF4B-00C04F79EFBC}") = "InventoryManager.Api", "InventoryManager.Api.csproj", "{4051B8FE-C789-47B6-B63E-CF5B29F966A4}"
EndProject
Project("{FAE04EC0-301F-11D3-BF4B-00C04F79EFBC}") = "InventoryManager.Domain", "..\InventoryManager.Domain\InventoryManager.Domain.csproj", "{7520533D-2398-4ABF-8AC2-10E16F20BEA6}"
EndProject
Project("{FAE04EC0-301F-11D3-BF4B-00C04F79EFBC}") = "InventoryManager.Application", "..\InventoryManager.Application\InventoryManager.Application.csproj", "{0BDA1E6D-218F-4C6C-9FD3-5BBAF0C3F76F}"
EndProject
Project("{FAE04EC0-301F-11D3-BF4B-00C04F79EFBC}") = "InventoryManager.Infrastructure", "..\InventoryManager.Infrastructure\InventoryManager.Infrastructure.csproj", "{D181A00D-C9F4-457E-924B-F7E0096C351D}"
EndProject
Project("{FAE04EC0-301F-11D3-BF4B-00C04F79EFBC}") = "InventoryManager.Tests", "..\InventoryManager.Tests\InventoryManager.Tests.csproj", "{020CBFCA-A82E-40DE-ACCD-BBCDB67A4286}"
EndProject
Project("{2150E333-8FDC-42A3-9474-1A3956D46DE8}") = "Solution Items", "Solution Items", "{FD64E0D5-1D43-467D-9F1D-35A104DBA2FB}"
EndProject
Global
	GlobalSection(SolutionConfigurationPlatforms) = preSolution
		Debug|Any CPU = Debug|Any CPU
		Release|Any CPU = Release|Any CPU
	EndGlobalSection
	GlobalSection(ProjectConfigurationPlatforms) = postSolution
		{4051B8FE-C789-47B6-B63E-CF5B29F966A4}.Debug|Any CPU.ActiveCfg = Debug|Any CPU
		{4051B8FE-C789-47B6-B63E-CF5B29F966A4}.Debug|Any CPU.Build.0 = Debug|Any CPU
		{4051B8FE-C789-47B6-B63E-CF5B29F966A4}.Release|Any CPU.ActiveCfg = Release|Any CPU
		{4051B8FE-C789-47B6-B63E-CF5B29F966A4}.Release|Any CPU.Build.0 = Release|Any CPU
		{7520533D-2398-4ABF-8AC2-10E16F20BEA6}.Debug|Any CPU.ActiveCfg = Debug|Any CPU
		{7520533D-2398-4ABF-8AC2-10E16F20BEA6}.Debug|Any CPU.Build.0 = Debug|Any CPU
		{7520533D-2398-4ABF-8AC2-10E16F20BEA6}.Release|Any CPU.ActiveCfg = Release|Any CPU
		{7520533D-2398-4ABF-8AC2-10E16F20BEA6}.Release|Any CPU.Build.0 = Release|Any CPU
		{0BDA1E6D-218F-4C6C-9FD3-5BBAF0C3F76F}.Debug|Any CPU.ActiveCfg = Debug|Any CPU
		{0BDA1E6D-218F-4C6C-9FD3-5BBAF0C3F76F}.Debug|Any CPU.Build.0 = Debug|Any CPU
		{0BDA1E6D-218F-4C6C-9FD3-5BBAF0C3F76F}.Release|Any CPU.ActiveCfg = Release|Any CPU
		{0BDA1E6D-218F-4C6C-9FD3-5BBAF0C3F76F}.Release|Any CPU.Build.0 = Release|Any CPU
		{D181A00D-C9F4-457E-924B-F7E0096C351D}.Debug|Any CPU.ActiveCfg = Debug|Any CPU
		{D181A00D-C9F4-457E-924B-F7E0096C351D}.Debug|Any CPU.Build.0 = Debug|Any CPU
		{D181A00D-C9F4-457E-924B-F7E0096C351D}.Release|Any CPU.ActiveCfg = Release|Any CPU
		{D181A00D-C9F4-457E-924B-F7E0096C351D}.Release|Any CPU.Build.0 = Release|Any CPU
		{020CBFCA-A82E-40DE-ACCD-BBCDB67A4286}.Debug|Any CPU.ActiveCfg = Debug|Any CPU
		{020CBFCA-A82E-40DE-ACCD-BBCDB67A4286}.Debug|Any CPU.Build.0 = Debug|Any CPU
		{020CBFCA-A82E-40DE-ACCD-BBCDB67A4286}.Release|Any CPU.ActiveCfg = Release|Any CPU
		{020CBFCA-A82E-40DE-ACCD-BBCDB67A4286}.Release|Any CPU.Build.0 = Release|Any CPU
	EndGlobalSection
	GlobalSection(SolutionProperties) = preSolution
		HideSolutionNode = FALSE
	EndGlobalSection
EndGlobal
